Microsoft Visual Studio Solution File, Format Version 12.00
# Visual Studio 2012
Project("{FAE04EC0-301F-11D3-BF4B-00C04F79EFBC}") = "Kuiper", "Kuiper.csproj", "{CA9A92A6-2BB2-4F45-AA02-9AF8507FB94D}"
EndProject
Global
	GlobalSection(SolutionConfigurationPlatforms) = preSolution
	Debug|Any CPU = Debug|Any CPU
	ExportDebug|Any CPU = ExportDebug|Any CPU
	ExportRelease|Any CPU = ExportRelease|Any CPU
	EndGlobalSection
	GlobalSection(ProjectConfigurationPlatforms) = postSolution
		{CA9A92A6-2BB2-4F45-AA02-9AF8507FB94D}.Debug|Any CPU.ActiveCfg = Debug|Any CPU
		{CA9A92A6-2BB2-4F45-AA02-9AF8507FB94D}.Debug|Any CPU.Build.0 = Debug|Any CPU
		{CA9A92A6-2BB2-4F45-AA02-9AF8507FB94D}.ExportDebug|Any CPU.ActiveCfg = ExportDebug|Any CPU
		{CA9A92A6-2BB2-4F45-AA02-9AF8507FB94D}.ExportDebug|Any CPU.Build.0 = ExportDebug|Any CPU
		{CA9A92A6-2BB2-4F45-AA02-9AF8507FB94D}.ExportRelease|Any CPU.ActiveCfg = ExportRelease|Any CPU
		{CA9A92A6-2BB2-4F45-AA02-9AF8507FB94D}.ExportRelease|Any CPU.Build.0 = ExportRelease|Any CPU
	EndGlobalSection
EndGlobal
